{
  "version": "2",
  "remote": {
    "https://deno.land/std@0.178.0/async/abortable.ts": "73acfb3ed7261ce0d930dbe89e43db8d34e017b063cf0eaa7d215477bf53442e",
    "https://deno.land/std@0.178.0/async/deadline.ts": "c5facb0b404eede83e38bd2717ea8ab34faa2ffb20ef87fd261fcba32ba307aa",
    "https://deno.land/std@0.178.0/async/debounce.ts": "adab11d04ca38d699444ac8a9d9856b4155e8dda2afd07ce78276c01ea5a4332",
    "https://deno.land/std@0.178.0/async/deferred.ts": "42790112f36a75a57db4a96d33974a936deb7b04d25c6084a9fa8a49f135def8",
    "https://deno.land/std@0.178.0/async/delay.ts": "73aa04cec034c84fc748c7be49bb15cac3dd43a57174bfdb7a4aec22c248f0dd",
    "https://deno.land/std@0.178.0/async/mod.ts": "f04344fa21738e5ad6bea37a6bfffd57c617c2d372bb9f9dcfd118a1b622e576",
    "https://deno.land/std@0.178.0/async/mux_async_iterator.ts": "70c7f2ee4e9466161350473ad61cac0b9f115cff4c552eaa7ef9d50c4cbb4cc9",
    "https://deno.land/std@0.178.0/async/pool.ts": "fd082bd4aaf26445909889435a5c74334c017847842ec035739b4ae637ae8260",
    "https://deno.land/std@0.178.0/async/retry.ts": "5efa3ba450ac0c07a40a82e2df296287b5013755d232049efd7ea2244f15b20f",
    "https://deno.land/std@0.178.0/async/tee.ts": "47e42d35f622650b02234d43803d0383a89eb4387e1b83b5a40106d18ae36757",
    "https://deno.land/std@0.178.0/http/server.ts": "cbb17b594651215ba95c01a395700684e569c165a567e4e04bba327f41197433",
    "https://deno.land/x/nano_jsx@v0.0.20/component.ts": "ef62d26623b79c46b67f9e8ce0793454f19c7cf544bc37974a8b092f078b266d",
    "https://deno.land/x/nano_jsx@v0.0.20/components/helmet.ts": "e447bc942b84a8edaa74eb2dad1458bd0d9f48b7fa860488c1300621cd66fac5",
    "https://deno.land/x/nano_jsx@v0.0.20/components/img.ts": "b4843bb2e4478054e629ced824b7e7e58a15fa919f79b1a70342a28f966b36ec",
    "https://deno.land/x/nano_jsx@v0.0.20/components/index.ts": "8855ee8302a9a19f38202d4a7ff5b17e22942600da02356bdfbc80c99c5c55f5",
    "https://deno.land/x/nano_jsx@v0.0.20/components/link.ts": "fe1c5abd4fe38773c96d009b25795d99d78c406042d2b21be38e723c7509c151",
    "https://deno.land/x/nano_jsx@v0.0.20/components/router.ts": "3e18c6c48cbdc923dee4a3fdc0807f463ffcd66f2c6de9b6209c69a0fcecc9ce",
    "https://deno.land/x/nano_jsx@v0.0.20/components/suspense.ts": "b5ffef52ed3533b0af949a80b0224defde65409d630130215bc9b32f6e443949",
    "https://deno.land/x/nano_jsx@v0.0.20/components/visible.ts": "f19487f7faff0bad38a5549f1efac1df351e83ee4a77ca5886412b439f4b6b53",
    "https://deno.land/x/nano_jsx@v0.0.20/context.ts": "8e4cee9365ad63e54991cd7e1f39eb5fda549f7641f7b399fea601b5b6a87445",
    "https://deno.land/x/nano_jsx@v0.0.20/core.ts": "fcf7583ffa8bf0875189c976d78b3dd6f628534ac9cdb71b483685ce5e4201f0",
    "https://deno.land/x/nano_jsx@v0.0.20/fragment.ts": "9cfb0dcdcb02d5cc53f027b4b55609e4f9d6d9322b665292e572856f4b688569",
    "https://deno.land/x/nano_jsx@v0.0.20/helpers.ts": "a43b88759ea600a43cf7ac0de39bb6c6808d5d721a5f513fc2c12fbb175c3838",
    "https://deno.land/x/nano_jsx@v0.0.20/htm.ts": "d8d9cd4fb4ad4645bff3698c7eb96e7798022c5519d04e709ebde236edde156b",
    "https://deno.land/x/nano_jsx@v0.0.20/htm/build.ts": "bdfea61e233cf1cff66ff84e92c81726bb7dbb0fa583fddd5dad664e3d45bc5c",
    "https://deno.land/x/nano_jsx@v0.0.20/htm/constants.ts": "3f296f87f03bd0ba8d7673884a1f6c4c927a2774648eaa4fd3ca9e3c46c3f7b8",
    "https://deno.land/x/nano_jsx@v0.0.20/htm/index.ts": "1ec86859ce53ad435edba45ec47eead2ccf33eb83194cb1957da0aa32b31278c",
    "https://deno.land/x/nano_jsx@v0.0.20/index.ts": "aeba9c6c3fef0923f34510b0704abef4df25717b9d12367dd73a666a736a77b3",
    "https://deno.land/x/nano_jsx@v0.0.20/jsx.ts": "7d5b4d4a249fba1a42f2016f54f71ca049d96ff490e098db4a19b2a9b197b952",
    "https://deno.land/x/nano_jsx@v0.0.20/lazy.ts": "f8b8a2b915daff1fb70704ffad5171c805f1e28778b5cd0f8c827780762776c4",
    "https://deno.land/x/nano_jsx@v0.0.20/mod.ts": "882e3724ca160624f934070ead4633e971f81a90dcedc03a428f20769e96307b",
    "https://deno.land/x/nano_jsx@v0.0.20/ssr.ts": "7b4edad1576ed1ec868181f54c568b199937c0c755f8b5721f76757579dfd819",
    "https://deno.land/x/nano_jsx@v0.0.20/state.ts": "cfc6ca6eb5e65f4cd60717a0a96ce604053bacf6e0b8835afbe22327e9979a1b",
    "https://deno.land/x/nano_jsx@v0.0.20/store.ts": "eb6ff6e7c4c2eab3ca6a3a99469755e2150d960076b68fe615105e23ae627465",
    "https://deno.land/x/nano_jsx@v0.0.20/types.ts": "9887b8ebd69fa7d084a0f365a53300b50fabb9dd9644317851be023090e71531",
    "https://deno.land/x/nano_jsx@v0.0.20/version.ts": "61313977f22dce140bc4793f2ace74da8f96d1ed0932f2326c9e1cc3bec42006",
    "https://deno.land/x/nano_jsx@v0.0.20/withStyles.ts": "d10126fc6afd6fadf8dfb39739bafd02ed89a7c54d9b6390726e571c92098659",
    "https://esm.sh/react@18.2.0": "84aa07282d2f3c843f7d56daeae0be41ceae768391c4418f7358dd64e8fe4eca",
    "https://esm.sh/stable/react@18.2.0/deno/react.js": "0113c672572d23a90490f1b03731866a18bbbfe2ab4ff8e52c2e91b60c4188f0",
    "https://esm.sh/v102/@types/prop-types@15.7.5/index.d.ts": "6a386ff939f180ae8ef064699d8b7b6e62bc2731a62d7fbf5e02589383838dea",
    "https://esm.sh/v102/@types/react@18.0.26/global.d.ts": "bbdf156fea2fabed31a569445835aeedcc33643d404fcbaa54541f06c109df3f",
    "https://esm.sh/v102/@types/react@18.0.26/index.d.ts": "106ed53fde6141e173fc1f1419e619b436b5d8078bb03fba7338d50f6e4c4ce4",
    "https://esm.sh/v102/@types/scheduler@0.16.2/tracing.d.ts": "f5a8b384f182b3851cec3596ccc96cb7464f8d3469f48c74bf2befb782a19de5",
    "https://esm.sh/v102/csstype@3.1.1/index.d.ts": "1c29793071152b207c01ea1954e343be9a44d85234447b2b236acae9e709a383"
  }
}
